
Microsoft Visual Studio Solution File, Format Version 12.00
# Visual Studio Version 17
VisualStudioVersion = 17.13.35828.75 d17.13
MinimumVisualStudioVersion = 10.0.40219.1
Project("{FAE04EC0-301F-11D3-BF4B-00C04F79EFBC}") = "WpfApp2", "WpfApp2\WpfApp2.csproj", "{6C715EBB-8DE9-42B0-A1D1-D2903BE91B66}"
EndProject
Global
	GlobalSection(SolutionConfigurationPlatforms) = preSolution
		Debug|Any CPU = Debug|Any CPU
		Release|Any CPU = Release|Any CPU
	EndGlobalSection
	GlobalSection(ProjectConfigurationPlatforms) = postSolution
		{6C715EBB-8DE9-42B0-A1D1-D2903BE91B66}.Debug|Any CPU.ActiveCfg = Debug|Any CPU
		{6C715EBB-8DE9-42B0-A1D1-D2903BE91B66}.Debug|Any CPU.Build.0 = Debug|Any CPU
		{6C715EBB-8DE9-42B0-A1D1-D2903BE91B66}.Release|Any CPU.ActiveCfg = Release|Any CPU
		{6C715EBB-8DE9-42B0-A1D1-D2903BE91B66}.Release|Any CPU.Build.0 = Release|Any CPU
	EndGlobalSection
	GlobalSection(SolutionProperties) = preSolution
		HideSolutionNode = FALSE
	EndGlobalSection
	GlobalSection(ExtensibilityGlobals) = postSolution
		SolutionGuid = {F5984B19-281A-4091-A3F3-E93E77D88379}
	EndGlobalSection
EndGlobal
