Microsoft Visual Studio Solution File, Format Version 12.00
# Visual Studio Version 17
VisualStudioVersion = 17.5.2.0
MinimumVisualStudioVersion = 10.0.40219.1
Project("{FAE04EC0-301F-11D3-BF4B-00C04F79EFBC}") = "MyAvaloniaApp", "MyAvaloniaApp\MyAvaloniaApp.csproj", "{290346A3-51EC-1104-70AB-94F75634F31D}"
EndProject
Global
	GlobalSection(SolutionConfigurationPlatforms) = preSolution
		Debug|Any CPU = Debug|Any CPU
		Release|Any CPU = Release|Any CPU
	EndGlobalSection
	GlobalSection(ProjectConfigurationPlatforms) = postSolution
		{290346A3-51EC-1104-70AB-94F75634F31D}.Debug|Any CPU.ActiveCfg = Debug|Any CPU
		{290346A3-51EC-1104-70AB-94F75634F31D}.Debug|Any CPU.Build.0 = Debug|Any CPU
		{290346A3-51EC-1104-70AB-94F75634F31D}.Release|Any CPU.ActiveCfg = Release|Any CPU
		{290346A3-51EC-1104-70AB-94F75634F31D}.Release|Any CPU.Build.0 = Release|Any CPU
	EndGlobalSection
	GlobalSection(SolutionProperties) = preSolution
		HideSolutionNode = FALSE
	EndGlobalSection
	GlobalSection(ExtensibilityGlobals) = postSolution
		SolutionGuid = {1C71658D-ADB8-48C5-88C5-B9AFCEBFF169}
	EndGlobalSection
EndGlobal
